{
  "name": "wapc-hello-world",
  "version": "0.1.0",
  "lockfileVersion": 1,
  "requires": true,
  "dependencies": {
    "assemblyscript": {
      "version": "0.14.13",
      "resolved": "https://registry.npmjs.org/assemblyscript/-/assemblyscript-0.14.13.tgz",
      "integrity": "sha512-hV/2Zolfkzn55LrKymdsHLftkf8TXGf/ZDUooN10L9r1Zgf6yOIyIf/bgGq3A2l5lmUt669gk/Uwx2G0KCbCug==",
      "dev": true,
      "requires": {
        "binaryen": "97.0.0-nightly.20200929",
        "long": "^4.0.0"
      }
    },
    "binaryen": {
      "version": "97.0.0-nightly.20200929",
      "resolved": "https://registry.npmjs.org/binaryen/-/binaryen-97.0.0-nightly.20200929.tgz",
      "integrity": "sha512-HQ7VTISqwfVOylWJAE2jIyhuO5zrxTD2Vvc0cwtXTUqfmlbZdt/Z0vxUZD+uFYHRLM0p9ddJc7RPVGsvPI2oEQ==",
      "dev": true
    },
    "long": {
      "version": "4.0.0",
      "resolved": "https://registry.npmjs.org/long/-/long-4.0.0.tgz",
      "integrity": "sha512-XsP+KhQif4bjX1kbuSiySJFNAehNxgLb6hPRGJ9QsUr8ajHkuXGdrHmFUTUUXhDwVX2R5bY4JNZEwbUiMhV+MA==",
      "dev": true
    },
    "wapc-guest-as": {
      "version": "git+https://github.com/wapc/wapc-guest-as.git#0f0af3ba7459897e145c851960c2e646b30df53f",
      "from": "git+https://github.com/wapc/wapc-guest-as.git#v0.2.1"
    }
  }
}
