{
  "name": "hello_wapc",
  "version": "1.0.0",
  "lockfileVersion": 2,
  "requires": true,
  "packages": {
    "": {
      "name": "hello_wapc",
      "version": "1.0.0",
      "license": "ISC",
      "dependencies": {
        "@wapc/as-guest": "^v0.3.1"
      },
      "devDependencies": {
        "assemblyscript": "^0.20.13"
      }
    },
    "node_modules/@wapc/as-guest": {
      "version": "0.3.1",
      "resolved": "https://registry.npmjs.org/@wapc/as-guest/-/as-guest-0.3.1.tgz",
      "integrity": "sha512-RftwLaQTB9GPX5Nu/sKoPcTP4sxmUYYqdMLRhi9xBj14SK7rP3EP2wvIbnSga4xBBdyXvd8v5Tsq7bfAj5BhSA=="
    },
    "node_modules/assemblyscript": {
      "version": "0.20.13",
      "resolved": "https://registry.npmjs.org/assemblyscript/-/assemblyscript-0.20.13.tgz",
      "integrity": "sha512-F4ACXdBdXCBnPEzRCl/ovFFPGmKXQPvWW4cM6U21eRezaCoREqxA0hjSUOYTz7txY3MJclyBfjwMSEJ5e9HKsw==",
      "dev": true,
      "dependencies": {
        "binaryen": "108.0.0-nightly.20220528",
        "long": "^5.2.0"
      },
      "bin": {
        "asc": "bin/asc.js",
        "asinit": "bin/asinit.js"
      },
      "funding": {
        "type": "opencollective",
        "url": "https://opencollective.com/assemblyscript"
      }
    },
    "node_modules/binaryen": {
      "version": "108.0.0-nightly.20220528",
      "resolved": "https://registry.npmjs.org/binaryen/-/binaryen-108.0.0-nightly.20220528.tgz",
      "integrity": "sha512-9biG357fx3NXmJNotIuY9agZBcCNHP7d1mgOGaTlPYVHZE7/61lt1IyHCXAL+W5jUOYgmFZ260PR4IbD19RKuA==",
      "dev": true,
      "bin": {
        "wasm-opt": "bin/wasm-opt",
        "wasm2js": "bin/wasm2js"
      }
    },
    "node_modules/long": {
      "version": "5.2.0",
      "resolved": "https://registry.npmjs.org/long/-/long-5.2.0.tgz",
      "integrity": "sha512-9RTUNjK60eJbx3uz+TEGF7fUr29ZDxR5QzXcyDpeSfeH28S9ycINflOgOlppit5U+4kNTe83KQnMEerw7GmE8w==",
      "dev": true
    }
  },
  "dependencies": {
    "@wapc/as-guest": {
      "version": "0.3.1",
      "resolved": "https://registry.npmjs.org/@wapc/as-guest/-/as-guest-0.3.1.tgz",
      "integrity": "sha512-RftwLaQTB9GPX5Nu/sKoPcTP4sxmUYYqdMLRhi9xBj14SK7rP3EP2wvIbnSga4xBBdyXvd8v5Tsq7bfAj5BhSA=="
    },
    "assemblyscript": {
      "version": "0.20.13",
      "resolved": "https://registry.npmjs.org/assemblyscript/-/assemblyscript-0.20.13.tgz",
      "integrity": "sha512-F4ACXdBdXCBnPEzRCl/ovFFPGmKXQPvWW4cM6U21eRezaCoREqxA0hjSUOYTz7txY3MJclyBfjwMSEJ5e9HKsw==",
      "dev": true,
      "requires": {
        "binaryen": "108.0.0-nightly.20220528",
        "long": "^5.2.0"
      }
    },
    "binaryen": {
      "version": "108.0.0-nightly.20220528",
      "resolved": "https://registry.npmjs.org/binaryen/-/binaryen-108.0.0-nightly.20220528.tgz",
      "integrity": "sha512-9biG357fx3NXmJNotIuY9agZBcCNHP7d1mgOGaTlPYVHZE7/61lt1IyHCXAL+W5jUOYgmFZ260PR4IbD19RKuA==",
      "dev": true
    },
    "long": {
      "version": "5.2.0",
      "resolved": "https://registry.npmjs.org/long/-/long-5.2.0.tgz",
      "integrity": "sha512-9RTUNjK60eJbx3uz+TEGF7fUr29ZDxR5QzXcyDpeSfeH28S9ycINflOgOlppit5U+4kNTe83KQnMEerw7GmE8w==",
      "dev": true
    }
  }
}
